
Microsoft Visual Studio Solution File, Format Version 12.00
# Visual Studio 15
VisualStudioVersion = 15.0.26228.9
MinimumVisualStudioVersion = 10.0.40219.1
Project("{FAE04EC0-301F-11D3-BF4B-00C04F79EFBC}") = "Vizyer", "Vizyer\Vizyer.csproj", "{6307F8EA-31FD-4BD2-A72D-288786FE8ADB}"
EndProject
Project("{FAE04EC0-301F-11D3-BF4B-00C04F79EFBC}") = "BluetoothService", "BluetoothService\BluetoothService.csproj", "{8C0D032D-C9BD-4E31-8BFA-5484DC861FBA}"
EndProject
Global
	GlobalSection(SolutionConfigurationPlatforms) = preSolution
		Debug|Any CPU = Debug|Any CPU
		Debug|ARM = Debug|ARM
		Debug|x64 = Debug|x64
		Debug|x86 = Debug|x86
		Release|Any CPU = Release|Any CPU
		Release|ARM = Release|ARM
		Release|x64 = Release|x64
		Release|x86 = Release|x86
	EndGlobalSection
	GlobalSection(ProjectConfigurationPlatforms) = postSolution
		{6307F8EA-31FD-4BD2-A72D-288786FE8ADB}.Debug|Any CPU.ActiveCfg = Debug|x86
		{6307F8EA-31FD-4BD2-A72D-288786FE8ADB}.Debug|ARM.ActiveCfg = Debug|ARM
		{6307F8EA-31FD-4BD2-A72D-288786FE8ADB}.Debug|ARM.Build.0 = Debug|ARM
		{6307F8EA-31FD-4BD2-A72D-288786FE8ADB}.Debug|ARM.Deploy.0 = Debug|ARM
		{6307F8EA-31FD-4BD2-A72D-288786FE8ADB}.Debug|x64.ActiveCfg = Debug|x64
		{6307F8EA-31FD-4BD2-A72D-288786FE8ADB}.Debug|x64.Build.0 = Debug|x64
		{6307F8EA-31FD-4BD2-A72D-288786FE8ADB}.Debug|x64.Deploy.0 = Debug|x64
		{6307F8EA-31FD-4BD2-A72D-288786FE8ADB}.Debug|x86.ActiveCfg = Debug|x86
		{6307F8EA-31FD-4BD2-A72D-288786FE8ADB}.Debug|x86.Build.0 = Debug|x86
		{6307F8EA-31FD-4BD2-A72D-288786FE8ADB}.Debug|x86.Deploy.0 = Debug|x86
		{6307F8EA-31FD-4BD2-A72D-288786FE8ADB}.Release|Any CPU.ActiveCfg = Release|x86
		{6307F8EA-31FD-4BD2-A72D-288786FE8ADB}.Release|ARM.ActiveCfg = Release|ARM
		{6307F8EA-31FD-4BD2-A72D-288786FE8ADB}.Release|ARM.Build.0 = Release|ARM
		{6307F8EA-31FD-4BD2-A72D-288786FE8ADB}.Release|ARM.Deploy.0 = Release|ARM
		{6307F8EA-31FD-4BD2-A72D-288786FE8ADB}.Release|x64.ActiveCfg = Release|x64
		{6307F8EA-31FD-4BD2-A72D-288786FE8ADB}.Release|x64.Build.0 = Release|x64
		{6307F8EA-31FD-4BD2-A72D-288786FE8ADB}.Release|x64.Deploy.0 = Release|x64
		{6307F8EA-31FD-4BD2-A72D-288786FE8ADB}.Release|x86.ActiveCfg = Release|x86
		{6307F8EA-31FD-4BD2-A72D-288786FE8ADB}.Release|x86.Build.0 = Release|x86
		{6307F8EA-31FD-4BD2-A72D-288786FE8ADB}.Release|x86.Deploy.0 = Release|x86
		{8C0D032D-C9BD-4E31-8BFA-5484DC861FBA}.Debug|Any CPU.ActiveCfg = Debug|Any CPU
		{8C0D032D-C9BD-4E31-8BFA-5484DC861FBA}.Debug|Any CPU.Build.0 = Debug|Any CPU
		{8C0D032D-C9BD-4E31-8BFA-5484DC861FBA}.Debug|ARM.ActiveCfg = Debug|ARM
		{8C0D032D-C9BD-4E31-8BFA-5484DC861FBA}.Debug|ARM.Build.0 = Debug|ARM
		{8C0D032D-C9BD-4E31-8BFA-5484DC861FBA}.Debug|x64.ActiveCfg = Debug|x64
		{8C0D032D-C9BD-4E31-8BFA-5484DC861FBA}.Debug|x64.Build.0 = Debug|x64
		{8C0D032D-C9BD-4E31-8BFA-5484DC861FBA}.Debug|x86.ActiveCfg = Debug|x86
		{8C0D032D-C9BD-4E31-8BFA-5484DC861FBA}.Debug|x86.Build.0 = Debug|x86
		{8C0D032D-C9BD-4E31-8BFA-5484DC861FBA}.Release|Any CPU.ActiveCfg = Release|Any CPU
		{8C0D032D-C9BD-4E31-8BFA-5484DC861FBA}.Release|Any CPU.Build.0 = Release|Any CPU
		{8C0D032D-C9BD-4E31-8BFA-5484DC861FBA}.Release|ARM.ActiveCfg = Release|ARM
		{8C0D032D-C9BD-4E31-8BFA-5484DC861FBA}.Release|ARM.Build.0 = Release|ARM
		{8C0D032D-C9BD-4E31-8BFA-5484DC861FBA}.Release|x64.ActiveCfg = Release|x64
		{8C0D032D-C9BD-4E31-8BFA-5484DC861FBA}.Release|x64.Build.0 = Release|x64
		{8C0D032D-C9BD-4E31-8BFA-5484DC861FBA}.Release|x86.ActiveCfg = Release|x86
		{8C0D032D-C9BD-4E31-8BFA-5484DC861FBA}.Release|x86.Build.0 = Release|x86
	EndGlobalSection
	GlobalSection(SolutionProperties) = preSolution
		HideSolutionNode = FALSE
	EndGlobalSection
EndGlobal
